
Microsoft Visual Studio Solution File, Format Version 12.00
# Visual Studio Version 17
VisualStudioVersion = 17.8.34330.188
MinimumVisualStudioVersion = 10.0.40219.1
Project("{FAE04EC0-301F-11D3-BF4B-00C04F79EFBC}") = "ApiMvcProje.Core", "ApiMvcProje.Core\ApiMvcProje.Core.csproj", "{FA57826A-491E-4747-857B-35FEA35BF24F}"
EndProject
Project("{FAE04EC0-301F-11D3-BF4B-00C04F79EFBC}") = "ApiMvcProje.Repository", "ApiMvcProje.Repository\ApiMvcProje.Repository.csproj", "{2F41459F-82E3-4D08-83AF-33B2E17F6B26}"
EndProject
Project("{FAE04EC0-301F-11D3-BF4B-00C04F79EFBC}") = "ApiMvcProje.Service", "ApiMvcProje.Service\ApiMvcProje.Service.csproj", "{98FF328D-A8CD-4078-B274-DD95C5BA572B}"
EndProject
Project("{FAE04EC0-301F-11D3-BF4B-00C04F79EFBC}") = "ApiMvcProje.Caching", "ApiMvcProje.Caching\ApiMvcProje.Caching.csproj", "{2CCE9C88-1DDA-4EF8-86C2-2AD5D4910BB3}"
EndProject
Project("{FAE04EC0-301F-11D3-BF4B-00C04F79EFBC}") = "ApiMvcProje.Web", "ApiMvcProje.Web\ApiMvcProje.Web.csproj", "{81B2C39D-B0D4-41DB-8391-E60335F9A153}"
EndProject
Project("{FAE04EC0-301F-11D3-BF4B-00C04F79EFBC}") = "ApiMvcProje.Api", "ApiMvcProje.Api\ApiMvcProje.Api.csproj", "{C243E994-0C48-47A6-AF06-795E76678C3D}"
EndProject
Global
	GlobalSection(SolutionConfigurationPlatforms) = preSolution
		Debug|Any CPU = Debug|Any CPU
		Release|Any CPU = Release|Any CPU
	EndGlobalSection
	GlobalSection(ProjectConfigurationPlatforms) = postSolution
		{FA57826A-491E-4747-857B-35FEA35BF24F}.Debug|Any CPU.ActiveCfg = Debug|Any CPU
		{FA57826A-491E-4747-857B-35FEA35BF24F}.Debug|Any CPU.Build.0 = Debug|Any CPU
		{FA57826A-491E-4747-857B-35FEA35BF24F}.Release|Any CPU.ActiveCfg = Release|Any CPU
		{FA57826A-491E-4747-857B-35FEA35BF24F}.Release|Any CPU.Build.0 = Release|Any CPU
		{2F41459F-82E3-4D08-83AF-33B2E17F6B26}.Debug|Any CPU.ActiveCfg = Debug|Any CPU
		{2F41459F-82E3-4D08-83AF-33B2E17F6B26}.Debug|Any CPU.Build.0 = Debug|Any CPU
		{2F41459F-82E3-4D08-83AF-33B2E17F6B26}.Release|Any CPU.ActiveCfg = Release|Any CPU
		{2F41459F-82E3-4D08-83AF-33B2E17F6B26}.Release|Any CPU.Build.0 = Release|Any CPU
		{98FF328D-A8CD-4078-B274-DD95C5BA572B}.Debug|Any CPU.ActiveCfg = Debug|Any CPU
		{98FF328D-A8CD-4078-B274-DD95C5BA572B}.Debug|Any CPU.Build.0 = Debug|Any CPU
		{98FF328D-A8CD-4078-B274-DD95C5BA572B}.Release|Any CPU.ActiveCfg = Release|Any CPU
		{98FF328D-A8CD-4078-B274-DD95C5BA572B}.Release|Any CPU.Build.0 = Release|Any CPU
		{2CCE9C88-1DDA-4EF8-86C2-2AD5D4910BB3}.Debug|Any CPU.ActiveCfg = Debug|Any CPU
		{2CCE9C88-1DDA-4EF8-86C2-2AD5D4910BB3}.Debug|Any CPU.Build.0 = Debug|Any CPU
		{2CCE9C88-1DDA-4EF8-86C2-2AD5D4910BB3}.Release|Any CPU.ActiveCfg = Release|Any CPU
		{2CCE9C88-1DDA-4EF8-86C2-2AD5D4910BB3}.Release|Any CPU.Build.0 = Release|Any CPU
		{81B2C39D-B0D4-41DB-8391-E60335F9A153}.Debug|Any CPU.ActiveCfg = Debug|Any CPU
		{81B2C39D-B0D4-41DB-8391-E60335F9A153}.Debug|Any CPU.Build.0 = Debug|Any CPU
		{81B2C39D-B0D4-41DB-8391-E60335F9A153}.Release|Any CPU.ActiveCfg = Release|Any CPU
		{81B2C39D-B0D4-41DB-8391-E60335F9A153}.Release|Any CPU.Build.0 = Release|Any CPU
		{C243E994-0C48-47A6-AF06-795E76678C3D}.Debug|Any CPU.ActiveCfg = Debug|Any CPU
		{C243E994-0C48-47A6-AF06-795E76678C3D}.Debug|Any CPU.Build.0 = Debug|Any CPU
		{C243E994-0C48-47A6-AF06-795E76678C3D}.Release|Any CPU.ActiveCfg = Release|Any CPU
		{C243E994-0C48-47A6-AF06-795E76678C3D}.Release|Any CPU.Build.0 = Release|Any CPU
	EndGlobalSection
	GlobalSection(SolutionProperties) = preSolution
		HideSolutionNode = FALSE
	EndGlobalSection
	GlobalSection(ExtensibilityGlobals) = postSolution
		SolutionGuid = {137EC006-C5A6-4F5E-9940-A114090F1763}
	EndGlobalSection
EndGlobal
